{
  "name": "wxmutator",
  "version": "1.0.0",
  "lockfileVersion": 1,
  "requires": true,
  "dependencies": {
    "@types/weixin-app": {
      "version": "1.0.2",
      "resolved": "https://registry.npmjs.org/@types/weixin-app/-/weixin-app-1.0.2.tgz",
      "integrity": "sha512-TSYYl2Eah/u754Zki3l0MmpGqRgMYoIV65G/+YaMu0iG+as176dh4Y6Apzu8Nx04agWERW9Rckrh+qoxp+ZQ8g==",
      "dev": true
    }
  }
}
